
Microsoft Visual Studio Solution File, Format Version 12.00
# Visual Studio 15
VisualStudioVersion = 15.0.28307.136
MinimumVisualStudioVersion = 10.0.40219.1
Project("{9A19103F-16F7-4668-BE54-9A1E7A4F7556}") = "ml.Doki.Backend.Functions", "ml.Doki.Backend.Functions\ml.Doki.Backend.Functions.csproj", "{00692EB1-0EAB-45A2-9317-CF0A7D6F6EE1}"
EndProject
Global
	GlobalSection(SolutionConfigurationPlatforms) = preSolution
		Debug|Any CPU = Debug|Any CPU
		Release|Any CPU = Release|Any CPU
	EndGlobalSection
	GlobalSection(ProjectConfigurationPlatforms) = postSolution
		{00692EB1-0EAB-45A2-9317-CF0A7D6F6EE1}.Debug|Any CPU.ActiveCfg = Debug|Any CPU
		{00692EB1-0EAB-45A2-9317-CF0A7D6F6EE1}.Debug|Any CPU.Build.0 = Debug|Any CPU
		{00692EB1-0EAB-45A2-9317-CF0A7D6F6EE1}.Release|Any CPU.ActiveCfg = Release|Any CPU
		{00692EB1-0EAB-45A2-9317-CF0A7D6F6EE1}.Release|Any CPU.Build.0 = Release|Any CPU
	EndGlobalSection
	GlobalSection(SolutionProperties) = preSolution
		HideSolutionNode = FALSE
	EndGlobalSection
	GlobalSection(ExtensibilityGlobals) = postSolution
		SolutionGuid = {53CB6738-7604-4726-AD0F-9FB41CF0458B}
	EndGlobalSection
EndGlobal
